
Microsoft Visual Studio Solution File, Format Version 12.00
# Visual Studio 14
VisualStudioVersion = 14.0.25123.0
MinimumVisualStudioVersion = 10.0.40219.1
Project("{FAE04EC0-301F-11D3-BF4B-00C04F79EFBC}") = "renthubmap", "renthubmap\renthubmap.csproj", "{9EF7D9BF-D287-4137-B4AB-EBAB1452F284}"
EndProject
Project("{FAE04EC0-301F-11D3-BF4B-00C04F79EFBC}") = "renthubmap.Tests", "renthubmap.Tests\renthubmap.Tests.csproj", "{53DBA6F8-EE4A-4D7B-A408-2B1A4305A66B}"
EndProject
Global
	GlobalSection(SolutionConfigurationPlatforms) = preSolution
		Debug|Any CPU = Debug|Any CPU
		Release|Any CPU = Release|Any CPU
	EndGlobalSection
	GlobalSection(ProjectConfigurationPlatforms) = postSolution
		{9EF7D9BF-D287-4137-B4AB-EBAB1452F284}.Debug|Any CPU.ActiveCfg = Debug|Any CPU
		{9EF7D9BF-D287-4137-B4AB-EBAB1452F284}.Debug|Any CPU.Build.0 = Debug|Any CPU
		{9EF7D9BF-D287-4137-B4AB-EBAB1452F284}.Release|Any CPU.ActiveCfg = Release|Any CPU
		{9EF7D9BF-D287-4137-B4AB-EBAB1452F284}.Release|Any CPU.Build.0 = Release|Any CPU
		{53DBA6F8-EE4A-4D7B-A408-2B1A4305A66B}.Debug|Any CPU.ActiveCfg = Debug|Any CPU
		{53DBA6F8-EE4A-4D7B-A408-2B1A4305A66B}.Debug|Any CPU.Build.0 = Debug|Any CPU
		{53DBA6F8-EE4A-4D7B-A408-2B1A4305A66B}.Release|Any CPU.ActiveCfg = Release|Any CPU
		{53DBA6F8-EE4A-4D7B-A408-2B1A4305A66B}.Release|Any CPU.Build.0 = Release|Any CPU
	EndGlobalSection
	GlobalSection(SolutionProperties) = preSolution
		HideSolutionNode = FALSE
	EndGlobalSection
EndGlobal
